{
  "name": "rjs-server",
  "version": "3.0.0",
  "dependencies": {
    "bunyan": {
      "version": "1.8.0",
      "from": "bunyan@>=1.8.0 <2.0.0",
      "resolved": "https://registry.npmjs.org/bunyan/-/bunyan-1.8.0.tgz"
    },
    "chalk": {
      "version": "1.1.3",
      "from": "chalk@latest",
      "resolved": "https://registry.npmjs.org/chalk/-/chalk-1.1.3.tgz",
      "dependencies": {
        "ansi-styles": {
          "version": "2.2.1",
          "from": "ansi-styles@>=2.2.1 <3.0.0",
          "resolved": "https://registry.npmjs.org/ansi-styles/-/ansi-styles-2.2.1.tgz"
        },
        "escape-string-regexp": {
          "version": "1.0.5",
          "from": "escape-string-regexp@>=1.0.2 <2.0.0",
          "resolved": "https://registry.npmjs.org/escape-string-regexp/-/escape-string-regexp-1.0.5.tgz"
        },
        "has-ansi": {
          "version": "2.0.0",
          "from": "has-ansi@>=2.0.0 <3.0.0",
          "resolved": "https://registry.npmjs.org/has-ansi/-/has-ansi-2.0.0.tgz",
          "dependencies": {
            "ansi-regex": {
              "version": "2.0.0",
              "from": "ansi-regex@>=2.0.0 <3.0.0",
              "resolved": "https://registry.npmjs.org/ansi-regex/-/ansi-regex-2.0.0.tgz"
            }
          }
        },
        "strip-ansi": {
          "version": "3.0.1",
          "from": "strip-ansi@>=3.0.0 <4.0.0",
          "resolved": "https://registry.npmjs.org/strip-ansi/-/strip-ansi-3.0.1.tgz",
          "dependencies": {
            "ansi-regex": {
              "version": "2.0.0",
              "from": "ansi-regex@>=2.0.0 <3.0.0",
              "resolved": "https://registry.npmjs.org/ansi-regex/-/ansi-regex-2.0.0.tgz"
            }
          }
        },
        "supports-color": {
          "version": "2.0.0",
          "from": "supports-color@>=2.0.0 <3.0.0",
          "resolved": "https://registry.npmjs.org/supports-color/-/supports-color-2.0.0.tgz"
        }
      }
    },
    "dotenv": {
      "version": "2.0.0",
      "from": "dotenv@latest",
      "resolved": "https://registry.npmjs.org/dotenv/-/dotenv-2.0.0.tgz"
    },
    "escodegen": {
      "version": "1.8.0",
      "from": "escodegen@latest",
      "resolved": "https://registry.npmjs.org/escodegen/-/escodegen-1.8.0.tgz",
      "dependencies": {
        "estraverse": {
          "version": "1.9.3",
          "from": "estraverse@>=1.9.1 <2.0.0",
          "resolved": "https://registry.npmjs.org/estraverse/-/estraverse-1.9.3.tgz"
        },
        "esutils": {
          "version": "2.0.2",
          "from": "esutils@>=2.0.2 <3.0.0",
          "resolved": "https://registry.npmjs.org/esutils/-/esutils-2.0.2.tgz"
        },
        "optionator": {
          "version": "0.8.1",
          "from": "optionator@>=0.8.1 <0.9.0",
          "resolved": "https://registry.npmjs.org/optionator/-/optionator-0.8.1.tgz",
          "dependencies": {
            "prelude-ls": {
              "version": "1.1.2",
              "from": "prelude-ls@>=1.1.2 <1.2.0",
              "resolved": "https://registry.npmjs.org/prelude-ls/-/prelude-ls-1.1.2.tgz"
            },
            "deep-is": {
              "version": "0.1.3",
              "from": "deep-is@>=0.1.3 <0.2.0",
              "resolved": "https://registry.npmjs.org/deep-is/-/deep-is-0.1.3.tgz"
            },
            "wordwrap": {
              "version": "1.0.0",
              "from": "wordwrap@>=1.0.0 <1.1.0",
              "resolved": "https://registry.npmjs.org/wordwrap/-/wordwrap-1.0.0.tgz"
            },
            "type-check": {
              "version": "0.3.2",
              "from": "type-check@>=0.3.2 <0.4.0",
              "resolved": "https://registry.npmjs.org/type-check/-/type-check-0.3.2.tgz"
            },
            "levn": {
              "version": "0.3.0",
              "from": "levn@>=0.3.0 <0.4.0",
              "resolved": "https://registry.npmjs.org/levn/-/levn-0.3.0.tgz"
            },
            "fast-levenshtein": {
              "version": "1.1.3",
              "from": "fast-levenshtein@>=1.1.0 <2.0.0",
              "resolved": "https://registry.npmjs.org/fast-levenshtein/-/fast-levenshtein-1.1.3.tgz"
            }
          }
        },
        "source-map": {
          "version": "0.2.0",
          "from": "source-map@>=0.2.0 <0.3.0",
          "resolved": "https://registry.npmjs.org/source-map/-/source-map-0.2.0.tgz",
          "dependencies": {
            "amdefine": {
              "version": "1.0.0",
              "from": "amdefine@>=0.0.4",
              "resolved": "https://registry.npmjs.org/amdefine/-/amdefine-1.0.0.tgz"
            }
          }
        }
      }
    },
    "eslint-plugin-jsx-a11y": {
      "version": "0.6.2",
      "from": "eslint-plugin-jsx-a11y@>=0.6.2 <0.7.0",
      "resolved": "https://registry.npmjs.org/eslint-plugin-jsx-a11y/-/eslint-plugin-jsx-a11y-0.6.2.tgz"
    },
    "eslint-plugin-react": {
      "version": "4.3.0",
      "from": "eslint-plugin-react@>=4.2.3 <5.0.0",
      "resolved": "https://registry.npmjs.org/eslint-plugin-react/-/eslint-plugin-react-4.3.0.tgz"
    },
    "esprima": {
      "version": "2.7.2",
      "from": "esprima@latest",
      "resolved": "https://registry.npmjs.org/esprima/-/esprima-2.7.2.tgz"
    },
    "fuzzaldrin-plus": {
      "version": "0.3.1",
      "from": "fuzzaldrin-plus@latest",
      "resolved": "https://registry.npmjs.org/fuzzaldrin-plus/-/fuzzaldrin-plus-0.3.1.tgz"
    },
    "mkdirp": {
      "version": "0.5.1",
      "from": "https://registry.npmjs.org/mkdirp/-/mkdirp-0.5.1.tgz",
      "resolved": "https://registry.npmjs.org/mkdirp/-/mkdirp-0.5.1.tgz",
      "dependencies": {
        "minimist": {
          "version": "0.0.8",
          "from": "minimist@0.0.8",
          "resolved": "https://registry.npmjs.org/minimist/-/minimist-0.0.8.tgz"
        }
      }
    },
    "remove": {
      "version": "0.1.5",
      "from": "remove@>=0.1.5 <0.2.0",
      "resolved": "https://registry.npmjs.org/remove/-/remove-0.1.5.tgz",
      "dependencies": {
        "seq": {
          "version": "0.3.5",
          "from": "seq@>=0.3.5",
          "resolved": "https://registry.npmjs.org/seq/-/seq-0.3.5.tgz",
          "dependencies": {
            "chainsaw": {
              "version": "0.0.9",
              "from": "chainsaw@>=0.0.7 <0.1.0",
              "resolved": "https://registry.npmjs.org/chainsaw/-/chainsaw-0.0.9.tgz",
              "dependencies": {
                "traverse": {
                  "version": "0.3.9",
                  "from": "traverse@>=0.3.0 <0.4.0",
                  "resolved": "https://registry.npmjs.org/traverse/-/traverse-0.3.9.tgz"
                }
              }
            },
            "hashish": {
              "version": "0.0.4",
              "from": "hashish@>=0.0.2 <0.1.0",
              "resolved": "https://registry.npmjs.org/hashish/-/hashish-0.0.4.tgz",
              "dependencies": {
                "traverse": {
                  "version": "0.6.6",
                  "from": "traverse@>=0.2.4",
                  "resolved": "https://registry.npmjs.org/traverse/-/traverse-0.6.6.tgz"
                }
              }
            }
          }
        }
      }
    },
    "socket.io": {
      "version": "1.4.5",
      "from": "socket.io@latest",
      "resolved": "https://registry.npmjs.org/socket.io/-/socket.io-1.4.5.tgz",
      "dependencies": {
        "engine.io": {
          "version": "1.6.8",
          "from": "engine.io@1.6.8",
          "resolved": "https://registry.npmjs.org/engine.io/-/engine.io-1.6.8.tgz",
          "dependencies": {
            "base64id": {
              "version": "0.1.0",
              "from": "base64id@0.1.0",
              "resolved": "https://registry.npmjs.org/base64id/-/base64id-0.1.0.tgz"
            },
            "ws": {
              "version": "1.0.1",
              "from": "ws@1.0.1",
              "resolved": "https://registry.npmjs.org/ws/-/ws-1.0.1.tgz",
              "dependencies": {
                "options": {
                  "version": "0.0.6",
                  "from": "options@>=0.0.5",
                  "resolved": "https://registry.npmjs.org/options/-/options-0.0.6.tgz"
                },
                "ultron": {
                  "version": "1.0.2",
                  "from": "ultron@>=1.0.0 <1.1.0",
                  "resolved": "https://registry.npmjs.org/ultron/-/ultron-1.0.2.tgz"
                }
              }
            },
            "engine.io-parser": {
              "version": "1.2.4",
              "from": "engine.io-parser@1.2.4",
              "resolved": "https://registry.npmjs.org/engine.io-parser/-/engine.io-parser-1.2.4.tgz",
              "dependencies": {
                "after": {
                  "version": "0.8.1",
                  "from": "after@0.8.1",
                  "resolved": "https://registry.npmjs.org/after/-/after-0.8.1.tgz"
                },
                "arraybuffer.slice": {
                  "version": "0.0.6",
                  "from": "arraybuffer.slice@0.0.6",
                  "resolved": "https://registry.npmjs.org/arraybuffer.slice/-/arraybuffer.slice-0.0.6.tgz"
                },
                "base64-arraybuffer": {
                  "version": "0.1.2",
                  "from": "base64-arraybuffer@0.1.2",
                  "resolved": "https://registry.npmjs.org/base64-arraybuffer/-/base64-arraybuffer-0.1.2.tgz"
                },
                "blob": {
                  "version": "0.0.4",
                  "from": "blob@0.0.4",
                  "resolved": "https://registry.npmjs.org/blob/-/blob-0.0.4.tgz"
                },
                "has-binary": {
                  "version": "0.1.6",
                  "from": "has-binary@0.1.6",
                  "resolved": "https://registry.npmjs.org/has-binary/-/has-binary-0.1.6.tgz",
                  "dependencies": {
                    "isarray": {
                      "version": "0.0.1",
                      "from": "isarray@0.0.1",
                      "resolved": "https://registry.npmjs.org/isarray/-/isarray-0.0.1.tgz"
                    }
                  }
                },
                "utf8": {
                  "version": "2.1.0",
                  "from": "utf8@2.1.0",
                  "resolved": "https://registry.npmjs.org/utf8/-/utf8-2.1.0.tgz"
                }
              }
            },
            "accepts": {
              "version": "1.1.4",
              "from": "accepts@1.1.4",
              "resolved": "https://registry.npmjs.org/accepts/-/accepts-1.1.4.tgz",
              "dependencies": {
                "mime-types": {
                  "version": "2.0.14",
                  "from": "mime-types@>=2.0.4 <2.1.0",
                  "resolved": "https://registry.npmjs.org/mime-types/-/mime-types-2.0.14.tgz",
                  "dependencies": {
                    "mime-db": {
                      "version": "1.12.0",
                      "from": "mime-db@>=1.12.0 <1.13.0",
                      "resolved": "https://registry.npmjs.org/mime-db/-/mime-db-1.12.0.tgz"
                    }
                  }
                },
                "negotiator": {
                  "version": "0.4.9",
                  "from": "negotiator@0.4.9",
                  "resolved": "https://registry.npmjs.org/negotiator/-/negotiator-0.4.9.tgz"
                }
              }
            }
          }
        },
        "socket.io-parser": {
          "version": "2.2.6",
          "from": "socket.io-parser@2.2.6",
          "resolved": "https://registry.npmjs.org/socket.io-parser/-/socket.io-parser-2.2.6.tgz",
          "dependencies": {
            "json3": {
              "version": "3.3.2",
              "from": "json3@3.3.2",
              "resolved": "https://registry.npmjs.org/json3/-/json3-3.3.2.tgz"
            },
            "component-emitter": {
              "version": "1.1.2",
              "from": "component-emitter@1.1.2",
              "resolved": "https://registry.npmjs.org/component-emitter/-/component-emitter-1.1.2.tgz"
            },
            "isarray": {
              "version": "0.0.1",
              "from": "isarray@0.0.1",
              "resolved": "https://registry.npmjs.org/isarray/-/isarray-0.0.1.tgz"
            },
            "benchmark": {
              "version": "1.0.0",
              "from": "benchmark@1.0.0",
              "resolved": "https://registry.npmjs.org/benchmark/-/benchmark-1.0.0.tgz"
            }
          }
        },
        "socket.io-client": {
          "version": "1.4.5",
          "from": "socket.io-client@1.4.5",
          "resolved": "https://registry.npmjs.org/socket.io-client/-/socket.io-client-1.4.5.tgz",
          "dependencies": {
            "engine.io-client": {
              "version": "1.6.8",
              "from": "engine.io-client@1.6.8",
              "resolved": "https://registry.npmjs.org/engine.io-client/-/engine.io-client-1.6.8.tgz",
              "dependencies": {
                "has-cors": {
                  "version": "1.1.0",
                  "from": "has-cors@1.1.0",
                  "resolved": "https://registry.npmjs.org/has-cors/-/has-cors-1.1.0.tgz"
                },
                "ws": {
                  "version": "1.0.1",
                  "from": "ws@1.0.1",
                  "resolved": "https://registry.npmjs.org/ws/-/ws-1.0.1.tgz",
                  "dependencies": {
                    "options": {
                      "version": "0.0.6",
                      "from": "options@>=0.0.5",
                      "resolved": "https://registry.npmjs.org/options/-/options-0.0.6.tgz"
                    },
                    "ultron": {
                      "version": "1.0.2",
                      "from": "ultron@>=1.0.0 <1.1.0",
                      "resolved": "https://registry.npmjs.org/ultron/-/ultron-1.0.2.tgz"
                    }
                  }
                },
                "xmlhttprequest-ssl": {
                  "version": "1.5.1",
                  "from": "xmlhttprequest-ssl@1.5.1",
                  "resolved": "https://registry.npmjs.org/xmlhttprequest-ssl/-/xmlhttprequest-ssl-1.5.1.tgz"
                },
                "component-emitter": {
                  "version": "1.1.2",
                  "from": "component-emitter@1.1.2",
                  "resolved": "https://registry.npmjs.org/component-emitter/-/component-emitter-1.1.2.tgz"
                },
                "engine.io-parser": {
                  "version": "1.2.4",
                  "from": "engine.io-parser@1.2.4",
                  "resolved": "https://registry.npmjs.org/engine.io-parser/-/engine.io-parser-1.2.4.tgz",
                  "dependencies": {
                    "after": {
                      "version": "0.8.1",
                      "from": "after@0.8.1",
                      "resolved": "https://registry.npmjs.org/after/-/after-0.8.1.tgz"
                    },
                    "arraybuffer.slice": {
                      "version": "0.0.6",
                      "from": "arraybuffer.slice@0.0.6",
                      "resolved": "https://registry.npmjs.org/arraybuffer.slice/-/arraybuffer.slice-0.0.6.tgz"
                    },
                    "base64-arraybuffer": {
                      "version": "0.1.2",
                      "from": "base64-arraybuffer@0.1.2",
                      "resolved": "https://registry.npmjs.org/base64-arraybuffer/-/base64-arraybuffer-0.1.2.tgz"
                    },
                    "blob": {
                      "version": "0.0.4",
                      "from": "blob@0.0.4",
                      "resolved": "https://registry.npmjs.org/blob/-/blob-0.0.4.tgz"
                    },
                    "has-binary": {
                      "version": "0.1.6",
                      "from": "has-binary@0.1.6",
                      "resolved": "https://registry.npmjs.org/has-binary/-/has-binary-0.1.6.tgz",
                      "dependencies": {
                        "isarray": {
                          "version": "0.0.1",
                          "from": "isarray@0.0.1",
                          "resolved": "https://registry.npmjs.org/isarray/-/isarray-0.0.1.tgz"
                        }
                      }
                    },
                    "utf8": {
                      "version": "2.1.0",
                      "from": "utf8@2.1.0",
                      "resolved": "https://registry.npmjs.org/utf8/-/utf8-2.1.0.tgz"
                    }
                  }
                },
                "parsejson": {
                  "version": "0.0.1",
                  "from": "parsejson@0.0.1",
                  "resolved": "https://registry.npmjs.org/parsejson/-/parsejson-0.0.1.tgz",
                  "dependencies": {
                    "better-assert": {
                      "version": "1.0.2",
                      "from": "better-assert@>=1.0.0 <1.1.0",
                      "resolved": "https://registry.npmjs.org/better-assert/-/better-assert-1.0.2.tgz",
                      "dependencies": {
                        "callsite": {
                          "version": "1.0.0",
                          "from": "callsite@1.0.0",
                          "resolved": "https://registry.npmjs.org/callsite/-/callsite-1.0.0.tgz"
                        }
                      }
                    }
                  }
                },
                "parseqs": {
                  "version": "0.0.2",
                  "from": "parseqs@0.0.2",
                  "resolved": "https://registry.npmjs.org/parseqs/-/parseqs-0.0.2.tgz",
                  "dependencies": {
                    "better-assert": {
                      "version": "1.0.2",
                      "from": "better-assert@>=1.0.0 <1.1.0",
                      "resolved": "https://registry.npmjs.org/better-assert/-/better-assert-1.0.2.tgz",
                      "dependencies": {
                        "callsite": {
                          "version": "1.0.0",
                          "from": "callsite@1.0.0",
                          "resolved": "https://registry.npmjs.org/callsite/-/callsite-1.0.0.tgz"
                        }
                      }
                    }
                  }
                },
                "component-inherit": {
                  "version": "0.0.3",
                  "from": "component-inherit@0.0.3",
                  "resolved": "https://registry.npmjs.org/component-inherit/-/component-inherit-0.0.3.tgz"
                },
                "yeast": {
                  "version": "0.1.2",
                  "from": "yeast@0.1.2",
                  "resolved": "https://registry.npmjs.org/yeast/-/yeast-0.1.2.tgz"
                }
              }
            },
            "component-bind": {
              "version": "1.0.0",
              "from": "component-bind@1.0.0",
              "resolved": "https://registry.npmjs.org/component-bind/-/component-bind-1.0.0.tgz"
            },
            "component-emitter": {
              "version": "1.2.0",
              "from": "component-emitter@1.2.0",
              "resolved": "https://registry.npmjs.org/component-emitter/-/component-emitter-1.2.0.tgz"
            },
            "object-component": {
              "version": "0.0.3",
              "from": "object-component@0.0.3",
              "resolved": "https://registry.npmjs.org/object-component/-/object-component-0.0.3.tgz"
            },
            "indexof": {
              "version": "0.0.1",
              "from": "indexof@0.0.1",
              "resolved": "https://registry.npmjs.org/indexof/-/indexof-0.0.1.tgz"
            },
            "parseuri": {
              "version": "0.0.4",
              "from": "parseuri@0.0.4",
              "resolved": "https://registry.npmjs.org/parseuri/-/parseuri-0.0.4.tgz",
              "dependencies": {
                "better-assert": {
                  "version": "1.0.2",
                  "from": "better-assert@>=1.0.0 <1.1.0",
                  "resolved": "https://registry.npmjs.org/better-assert/-/better-assert-1.0.2.tgz",
                  "dependencies": {
                    "callsite": {
                      "version": "1.0.0",
                      "from": "callsite@1.0.0",
                      "resolved": "https://registry.npmjs.org/callsite/-/callsite-1.0.0.tgz"
                    }
                  }
                }
              }
            },
            "to-array": {
              "version": "0.1.4",
              "from": "to-array@0.1.4",
              "resolved": "https://registry.npmjs.org/to-array/-/to-array-0.1.4.tgz"
            },
            "backo2": {
              "version": "1.0.2",
              "from": "backo2@1.0.2",
              "resolved": "https://registry.npmjs.org/backo2/-/backo2-1.0.2.tgz"
            }
          }
        },
        "socket.io-adapter": {
          "version": "0.4.0",
          "from": "socket.io-adapter@0.4.0",
          "resolved": "https://registry.npmjs.org/socket.io-adapter/-/socket.io-adapter-0.4.0.tgz",
          "dependencies": {
            "socket.io-parser": {
              "version": "2.2.2",
              "from": "socket.io-parser@2.2.2",
              "resolved": "https://registry.npmjs.org/socket.io-parser/-/socket.io-parser-2.2.2.tgz",
              "dependencies": {
                "debug": {
                  "version": "0.7.4",
                  "from": "debug@0.7.4",
                  "resolved": "https://registry.npmjs.org/debug/-/debug-0.7.4.tgz"
                },
                "json3": {
                  "version": "3.2.6",
                  "from": "json3@3.2.6",
                  "resolved": "https://registry.npmjs.org/json3/-/json3-3.2.6.tgz"
                },
                "component-emitter": {
                  "version": "1.1.2",
                  "from": "component-emitter@1.1.2",
                  "resolved": "https://registry.npmjs.org/component-emitter/-/component-emitter-1.1.2.tgz"
                },
                "isarray": {
                  "version": "0.0.1",
                  "from": "isarray@0.0.1",
                  "resolved": "https://registry.npmjs.org/isarray/-/isarray-0.0.1.tgz"
                },
                "benchmark": {
                  "version": "1.0.0",
                  "from": "benchmark@1.0.0",
                  "resolved": "https://registry.npmjs.org/benchmark/-/benchmark-1.0.0.tgz"
                }
              }
            }
          }
        },
        "has-binary": {
          "version": "0.1.7",
          "from": "has-binary@0.1.7",
          "resolved": "https://registry.npmjs.org/has-binary/-/has-binary-0.1.7.tgz",
          "dependencies": {
            "isarray": {
              "version": "0.0.1",
              "from": "isarray@0.0.1",
              "resolved": "https://registry.npmjs.org/isarray/-/isarray-0.0.1.tgz"
            }
          }
        },
        "debug": {
          "version": "2.2.0",
          "from": "debug@2.2.0",
          "resolved": "https://registry.npmjs.org/debug/-/debug-2.2.0.tgz",
          "dependencies": {
            "ms": {
              "version": "0.7.1",
              "from": "ms@0.7.1",
              "resolved": "https://registry.npmjs.org/ms/-/ms-0.7.1.tgz"
            }
          }
        }
      }
    }
  }
}
